lockfileVersion: '9.0'

settings:
  autoInstallPeers: true
  excludeLinksFromLockfile: false

importers:

  .:
    dependencies:
      '@sokel-dev/plugin-sdk':
        specifier: file:../../../sdk-node
        version: file:../../../sdk-node
    devDependencies:
      '@types/node':
        specifier: ^22.10.0
        version: 22.20.1
      typescript:
        specifier: ^5.7.0
        version: 5.9.3

packages:

  '@sokel-dev/plugin-sdk@file:../../../sdk-node':
    resolution: {directory: ../../../sdk-node, type: directory}
    engines: {node: '>=20'}

  '@types/node@22.20.1':
    resolution: {integrity: sha512-EANqOCF9QFyra+4pfxUcX9STKJpCLjMbObVzljIJomAWSnuSIEAvyzEU53GaajbXJEgdh0iEcPL+DGvpUd4k1Q==}

  nats@2.29.3:
    resolution: {integrity: sha512-tOQCRCwC74DgBTk4pWZ9V45sk4d7peoE2njVprMRCBXrhJ5q5cYM7i6W+Uvw2qUrcfOSnuisrX7bEx3b3Wx4QA==}
    engines: {node: '>= 14.0.0'}
    deprecated: Package moved. Use @nats-io/transport-node from https://github.com/nats-io/nats.js

  nkeys.js@1.1.0:
    resolution: {integrity: sha512-tB/a0shZL5UZWSwsoeyqfTszONTt4k2YS0tuQioMOD180+MbombYVgzDUYHlx+gejYK6rgf08n/2Df99WY0Sxg==}
    engines: {node: '>=10.0.0'}

  tweetnacl@1.0.3:
    resolution: {integrity: sha512-6rt+RN7aOi1nGMyC4Xa5DdYiukl2UWCbcJft7YhxReBGQD7OAM8Pbxw6YMo4r2diNEA8FEmu32YOn9rhaiE5yw==}

  typescript@5.9.3:
    resolution: {integrity: sha512-jl1vZzPDinLr9eUt3J/t7V6FgNEw9QjvBPdysz9KfQDD41fQrC2Y4vKQdiaUpFT4bXlb1RHhLpp8wtm6M5TgSw==}
    engines: {node: '>=14.17'}
    hasBin: true

  undici-types@6.21.0:
    resolution: {integrity: sha512-iwDZqg0QAGrg9Rav5H4n0M64c3mkR59cJ6wQp+7C4nI0gsmExaedaYLNO44eT4AtBBwjbTiGPMlt2Md0T9H9JQ==}

snapshots:

  '@sokel-dev/plugin-sdk@file:../../../sdk-node':
    dependencies:
      nats: 2.29.3

  '@types/node@22.20.1':
    dependencies:
      undici-types: 6.21.0

  nats@2.29.3:
    dependencies:
      nkeys.js: 1.1.0

  nkeys.js@1.1.0:
    dependencies:
      tweetnacl: 1.0.3

  tweetnacl@1.0.3: {}

  typescript@5.9.3: {}

  undici-types@6.21.0: {}
